// !$*UTF8*$!
{
	archiveVersion = 1;
	classes = {
	};
	objectVersion = 46;
	objects = {

/* Begin PBXBuildFile section */
		38EEEB361F5FDE3B00457E47 /* main.swift in Sources */ = {isa = PBXBuildFile; fileRef = 38EEEB351F5FDE3B00457E47 /* main.swift */; };
		38EEEB3D1F5FDE6300457E47 /* myint.swift in Sources */ = {isa = PBXBuildFile; fileRef = 38EEEB3C1F5FDE6300457E47 /* myint.swift */; };
		38EEEB3F1F5FE1C500457E47 /* myarray.swift in Sources */ = {isa = PBXBuildFile; fileRef = 38EEEB3E1F5FE1C500457E47 /* myarray.swift */; };
/* End PBXBuildFile section */

/* Begin PBXCopyFilesBuildPhase section */
		38EEEB301F5FDE3B00457E47 /* CopyFiles */ = {
			isa = PBXCopyFilesBuildPhase;
			buildActionMask = 2147483647;
			dstPath = /usr/share/man/man1/;
			dstSubfolderSpec = 0;
			files = (
			);
			runOnlyForDeploymentPostprocessing = 1;
		};
/* End PBXCopyFilesBuildPhase section */

/* Begin PBXFileReference section */
		38EEEB321F5FDE3B00457E47 /* MySwift04 */ = {isa = PBXFileReference; explicitFileType = "compiled.mach-o.executable"; includeInIndex = 0; path = MySwift04; sourceTree = BUILT_PRODUCTS_DIR; };
		38EEEB351F5FDE3B00457E47 /* main.swift */ = {isa = PBXFileReference; lastKnownFileType = sourcecode.swift; path = main.swift; sourceTree = "<group>"; };
		38EEEB3C1F5FDE6300457E47 /* myint.swift */ = {isa = PBXFileReference; fileEncoding = 4; lastKnownFileType = sourcecode.swift; name = myint.swift; path = ../myint.swift; sourceTree = "<group>"; };
		38EEEB3E1F5FE1C500457E47 /* myarray.swift */ = {isa = PBXFileReference; fileEncoding = 4; lastKnownFileType = sourcecode.swift; path = myarray.swift; sourceTree = "<group>"; };
/* End PBXFileReference section */

/* Begin PBXFrameworksBuildPhase section */
		38EEEB2F1F5FDE3B00457E47 /* Frameworks */ = {
			isa = PBXFrameworksBuildPhase;
			buildActionMask = 2147483647;
			files = (
			);
			runOnlyForDeploymentPostprocessing = 0;
		};
/* End PBXFrameworksBuildPhase section */

/* Begin PBXGroup section */
		38EEEB291F5FDE3B00457E47 = {
			isa = PBXGroup;
			children = (
				38EEEB341F5FDE3B00457E47 /* MySwift04 */,
				38EEEB331F5FDE3B00457E47 /* Products */,
			);
			sourceTree = "<group>";
		};
		38EEEB331F5FDE3B00457E47 /* Products */ = {
			isa = PBXGroup;
			children = (
				38EEEB321F5FDE3B00457E47 /* MySwift04 */,
			);
			name = Products;
			sourceTree = "<group>";
		};
		38EEEB341F5FDE3B00457E47 /* MySwift04 */ = {
			isa = PBXGroup;
			children = (
				38EEEB351F5FDE3B00457E47 /* main.swift */,
				38EEEB3C1F5FDE6300457E47 /* myint.swift */,
				38EEEB3E1F5FE1C500457E47 /* myarray.swift */,
			);
			path = MySwift04;
			sourceTree = "<group>";
		};
/* End PBXGroup section */

/* Begin PBXNativeTarget section */
		38EEEB311F5FDE3B00457E47 /* MySwift04 */ = {
			isa = PBXNativeTarget;
			buildConfigurationList = 38EEEB391F5FDE3B00457E47 /* Build configuration list for PBXNativeTarget "MySwift04" */;
			buildPhases = (
				38EEEB2E1F5FDE3B00457E47 /* Sources */,
				38EEEB2F1F5FDE3B00457E47 /* Frameworks */,
				38EEEB301F5FDE3B00457E47 /* CopyFiles */,
			);
			buildRules = (
			);
			dependencies = (
			);
			name = MySwift04;
			productName = MySwift04;
			productReference = 38EEEB321F5FDE3B00457E47 /* MySwift04 */;
			productType = "com.apple.product-type.tool";
		};
/* End PBXNativeTarget section */

/* Begin PBXProject section */
		38EEEB2A1F5FDE3B00457E47 /* Project object */ = {
			isa = PBXProject;
			attributes = {
				LastSwiftUpdateCheck = 0830;
				LastUpgradeCheck = 0830;
				ORGANIZATIONNAME = "Nina Big Company";
				TargetAttributes = {
					38EEEB311F5FDE3B00457E47 = {
						CreatedOnToolsVersion = 8.3.3;
						DevelopmentTeam = 72XHQCT4TW;
						ProvisioningStyle = Automatic;
					};
				};
			};
			buildConfigurationList = 38EEEB2D1F5FDE3B00457E47 /* Build configuration list for PBXProject "MySwift04" */;
			compatibilityVersion = "Xcode 3.2";
			developmentRegion = English;
			hasScannedForEncodings = 0;
			knownRegions = (
				en,
			);
			mainGroup = 38EEEB291F5FDE3B00457E47;
			productRefGroup = 38EEEB331F5FDE3B00457E47 /* Products */;
			projectDirPath = "";
			projectRoot = "";
			targets = (
				38EEEB311F5FDE3B00457E47 /* MySwift04 */,
			);
		};
/* End PBXProject section */

/* Begin PBXSourcesBuildPhase section */
		38EEEB2E1F5FDE3B00457E47 /* Sources */ = {
			isa = PBXSourcesBuildPhase;
			buildActionMask = 2147483647;
			files = (
				38EEEB361F5FDE3B00457E47 /* main.swift in Sources */,
				38EEEB3F1F5FE1C500457E47 /* myarray.swift in Sources */,
				38EEEB3D1F5FDE6300457E47 /* myint.swift in Sources */,
			);
			runOnlyForDeploymentPostprocessing = 0;
		};
/* End PBXSourcesBuildPhase section */

/* Begin XCBuildConfiguration section */
		38EEEB371F5FDE3B00457E47 /* Debug */ = {
			isa = XCBuildConfiguration;
			buildSettings = {
				ALWAYS_SEARCH_USER_PATHS = NO;
				CLANG_ANALYZER_NONNULL = YES;
				CLANG_ANALYZER_NUMBER_OBJECT_CONVERSION = YES_AGGRESSIVE;
				CLANG_CXX_LANGUAGE_STANDARD = "gnu++0x";
				CLANG_CXX_LIBRARY = "libc++";
				CLANG_ENABLE_MODULES = YES;
				CLANG_ENABLE_OBJC_ARC = YES;
				CLANG_WARN_BOOL_CONVERSION = YES;
				CLANG_WARN_CONSTANT_CONVERSION = YES;
				CLANG_WARN_DIRECT_OBJC_ISA_USAGE = YES_ERROR;
				CLANG_WARN_DOCUMENTATION_COMMENTS = YES;
				CLANG_WARN_EMPTY_BODY = YES;
				CLANG_WARN_ENUM_CONVERSION = YES;
				CLANG_WARN_INFINITE_RECURSION = YES;
				CLANG_WARN_INT_CONVERSION = YES;
				CLANG_WARN_OBJC_ROOT_CLASS = YES_ERROR;
				CLANG_WARN_SUSPICIOUS_MOVE = YES;
				CLANG_WARN_UNREACHABLE_CODE = YES;
				CLANG_WARN__DUPLICATE_METHOD_MATCH = YES;
				CODE_SIGN_IDENTITY = "-";
				COPY_PHASE_STRIP = NO;
				DEBUG_INFORMATION_FORMAT = dwarf;
				ENABLE_STRICT_OBJC_MSGSEND = YES;
				ENABLE_TESTABILITY = YES;
				GCC_C_LANGUAGE_STANDARD = gnu99;
				GCC_DYNAMIC_NO_PIC = NO;
				GCC_NO_COMMON_BLOCKS = YES;
				GCC_OPTIMIZATION_LEVEL = 0;
				GCC_PREPROCESSOR_DEFINITIONS = (
					"DEBUG=1",
					"$(inherited)",
				);
				GCC_WARN_64_TO_32_BIT_CONVERSION = YES;
				GCC_WARN_ABOUT_RETURN_TYPE = YES_ERROR;
				GCC_WARN_UNDECLARED_SELECTOR = YES;
				GCC_WARN_UNINITIALIZED_AUTOS = YES_AGGRESSIVE;
				GCC_WARN_UNUSED_FUNCTION = YES;
				GCC_WARN_UNUSED_VARIABLE = YES;
				MACOSX_DEPLOYMENT_TARGET = 10.12;
				MTL_ENABLE_DEBUG_INFO = YES;
				ONLY_ACTIVE_ARCH = YES;
				SDKROOT = macosx;
				SWIFT_OPTIMIZATION_LEVEL = "-Onone";
			};
			name = Debug;
		};
		38EEEB381F5FDE3B00457E47 /* Release */ = {
			isa = XCBuildConfiguration;
			buildSettings = {
				ALWAYS_SEARCH_USER_PATHS = NO;
				CLANG_ANALYZER_NONNULL = YES;
				CLANG_ANALYZER_NUMBER_OBJECT_CONVERSION = YES_AGGRESSIVE;
				CLANG_CXX_LANGUAGE_STANDARD = "gnu++0x";
				CLANG_CXX_LIBRARY = "libc++";
				CLANG_ENABLE_MODULES = YES;
				CLANG_ENABLE_OBJC_ARC = YES;
				CLANG_WARN_BOOL_CONVERSION = YES;
				CLANG_WARN_CONSTANT_CONVERSION = YES;
				CLANG_WARN_DIRECT_OBJC_ISA_USAGE = YES_ERROR;
				CLANG_WARN_DOCUMENTATION_COMMENTS = YES;
				CLANG_WARN_EMPTY_BODY = YES;
				CLANG_WARN_ENUM_CONVERSION = YES;
				CLANG_WARN_INFINITE_RECURSION = YES;
				CLANG_WARN_INT_CONVERSION = YES;
				CLANG_WARN_OBJC_ROOT_CLASS = YES_ERROR;
				CLANG_WARN_SUSPICIOUS_MOVE = YES;
				CLANG_WARN_UNREACHABLE_CODE = YES;
				CLANG_WARN__DUPLICATE_METHOD_MATCH = YES;
				CODE_SIGN_IDENTITY = "-";
				COPY_PHASE_STRIP = NO;
				DEBUG_INFORMATION_FORMAT = "dwarf-with-dsym";
				ENABLE_NS_ASSERTIONS = NO;
				ENABLE_STRICT_OBJC_MSGSEND = YES;
				GCC_C_LANGUAGE_STANDARD = gnu99;
				GCC_NO_COMMON_BLOCKS = YES;
				GCC_WARN_64_TO_32_BIT_CONVERSION = YES;
				GCC_WARN_ABOUT_RETURN_TYPE = YES_ERROR;
				GCC_WARN_UNDECLARED_SELECTOR = YES;
				GCC_WARN_UNINITIALIZED_AUTOS = YES_AGGRESSIVE;
				GCC_WARN_UNUSED_FUNCTION = YES;
				GCC_WARN_UNUSED_VARIABLE = YES;
				MACOSX_DEPLOYMENT_TARGET = 10.12;
				MTL_ENABLE_DEBUG_INFO = NO;
				SDKROOT = macosx;
			};
			name = Release;
		};
		38EEEB3A1F5FDE3B00457E47 /* Debug */ = {
			isa = XCBuildConfiguration;
			buildSettings = {
				DEVELOPMENT_TEAM = 72XHQCT4TW;
				PRODUCT_NAME = "$(TARGET_NAME)";
				SWIFT_VERSION = 3.0;
			};
			name = Debug;
		};
		38EEEB3B1F5FDE3B00457E47 /* Release */ = {
			isa = XCBuildConfiguration;
			buildSettings = {
				DEVELOPMENT_TEAM = 72XHQCT4TW;
				PRODUCT_NAME = "$(TARGET_NAME)";
				SWIFT_VERSION = 3.0;
			};
			name = Release;
		};
/* End XCBuildConfiguration section */

/* Begin XCConfigurationList section */
		38EEEB2D1F5FDE3B00457E47 /* Build configuration list for PBXProject "MySwift04" */ = {
			isa = XCConfigurationList;
			buildConfigurations = (
				38EEEB371F5FDE3B00457E47 /* Debug */,
				38EEEB381F5FDE3B00457E47 /* Release */,
			);
			defaultConfigurationIsVisible = 0;
			defaultConfigurationName = Release;
		};
		38EEEB391F5FDE3B00457E47 /* Build configuration list for PBXNativeTarget "MySwift04" */ = {
			isa = XCConfigurationList;
			buildConfigurations = (
				38EEEB3A1F5FDE3B00457E47 /* Debug */,
				38EEEB3B1F5FDE3B00457E47 /* Release */,
			);
			defaultConfigurationIsVisible = 0;
		};
/* End XCConfigurationList section */
	};
	rootObject = 38EEEB2A1F5FDE3B00457E47 /* Project object */;
}
